// !$*UTF8*$!
{
	archiveVersion = 1;
	classes = {
	};
	objectVersion = 50;
	objects = {

/* Begin PBXBuildFile section */
		248D6282228490C000C6E85D /* AppDelegate.swift in Sources */ = {isa = PBXBuildFile; fileRef = 248D6281228490C000C6E85D /* AppDelegate.swift */; };
		248D6284228490C000C6E85D /* ViewController.swift in Sources */ = {isa = PBXBuildFile; fileRef = 248D6283228490C000C6E85D /* ViewController.swift */; };
		248D6287228490C000C6E85D /* Main.storyboard in Resources */ = {isa = PBXBuildFile; fileRef = 248D6285228490C000C6E85D /* Main.storyboard */; };
		248D6289228490D500C6E85D /* Assets.xcassets in Resources */ = {isa = PBXBuildFile; fileRef = 248D6288228490D500C6E85D /* Assets.xcassets */; };
		248D628C228490D500C6E85D /* LaunchScreen.storyboard in Resources */ = {isa = PBXBuildFile; fileRef = 248D628A228490D500C6E85D /* LaunchScreen.storyboard */; };
		248D62942284913800C6E85D /* Podfile in Resources */ = {isa = PBXBuildFile; fileRef = 248D62932284913800C6E85D /* Podfile */; };
		925BF7CAB852E066F64F5A98 /* Pods_ProvaPlayer.framework in Frameworks */ = {isa = PBXBuildFile; fileRef = 794350EC4B1CAF447956288A /* Pods_ProvaPlayer.framework */; };
/* End PBXBuildFile section */

/* Begin PBXFileReference section */
		091F9F7B49E494D3E6932F7E /* Pods-ProvaPlayer.debug.xcconfig */ = {isa = PBXFileReference; includeInIndex = 1; lastKnownFileType = text.xcconfig; name = "Pods-ProvaPlayer.debug.xcconfig"; path = "Target Support Files/Pods-ProvaPlayer/Pods-ProvaPlayer.debug.xcconfig"; sourceTree = "<group>"; };
		248D627E228490C000C6E85D /* ProvaPlayer.app */ = {isa = PBXFileReference; explicitFileType = wrapper.application; includeInIndex = 0; path = ProvaPlayer.app; sourceTree = BUILT_PRODUCTS_DIR; };
		248D6281228490C000C6E85D /* AppDelegate.swift */ = {isa = PBXFileReference; lastKnownFileType = sourcecode.swift; path = AppDelegate.swift; sourceTree = "<group>"; };
		248D6283228490C000C6E85D /* ViewController.swift */ = {isa = PBXFileReference; lastKnownFileType = sourcecode.swift; path = ViewController.swift; sourceTree = "<group>"; };
		248D6286228490C000C6E85D /* Base */ = {isa = PBXFileReference; lastKnownFileType = file.storyboard; name = Base; path = Base.lproj/Main.storyboard; sourceTree = "<group>"; };
		248D6288228490D500C6E85D /* Assets.xcassets */ = {isa = PBXFileReference; lastKnownFileType = folder.assetcatalog; path = Assets.xcassets; sourceTree = "<group>"; };
		248D628B228490D500C6E85D /* Base */ = {isa = PBXFileReference; lastKnownFileType = file.storyboard; name = Base; path = Base.lproj/LaunchScreen.storyboard; sourceTree = "<group>"; };
		248D628D228490D500C6E85D /* Info.plist */ = {isa = PBXFileReference; lastKnownFileType = text.plist.xml; path = Info.plist; sourceTree = "<group>"; };
		248D62932284913800C6E85D /* Podfile */ = {isa = PBXFileReference; fileEncoding = 4; lastKnownFileType = text; path = Podfile; sourceTree = SOURCE_ROOT; xcLanguageSpecificationIdentifier = xcode.lang.ruby; };
		794350EC4B1CAF447956288A /* Pods_ProvaPlayer.framework */ = {isa = PBXFileReference; explicitFileType = wrapper.framework; includeInIndex = 0; path = Pods_ProvaPlayer.framework; sourceTree = BUILT_PRODUCTS_DIR; };
		9C292AAB71B966EB4841C3D7 /* Pods-ProvaPlayer.release.xcconfig */ = {isa = PBXFileReference; includeInIndex = 1; lastKnownFileType = text.xcconfig; name = "Pods-ProvaPlayer.release.xcconfig"; path = "Target Support Files/Pods-ProvaPlayer/Pods-ProvaPlayer.release.xcconfig"; sourceTree = "<group>"; };
/* End PBXFileReference section */

/* Begin PBXFrameworksBuildPhase section */
		248D627B228490C000C6E85D /* Frameworks */ = {
			isa = PBXFrameworksBuildPhase;
			buildActionMask = 2147483647;
			files = (
				925BF7CAB852E066F64F5A98 /* Pods_ProvaPlayer.framework in Frameworks */,
			);
			runOnlyForDeploymentPostprocessing = 0;
		};
/* End PBXFrameworksBuildPhase section */

/* Begin PBXGroup section */
		0468F37805DA2DE7264B8983 /* Frameworks */ = {
			isa = PBXGroup;
			children = (
				794350EC4B1CAF447956288A /* Pods_ProvaPlayer.framework */,
			);
			name = Frameworks;
			sourceTree = "<group>";
		};
		248D6275228490C000C6E85D = {
			isa = PBXGroup;
			children = (
				248D6280228490C000C6E85D /* ProvaPlayer */,
				248D627F228490C000C6E85D /* Products */,
				BD438733BBB14C7D4C5B6306 /* Pods */,
				0468F37805DA2DE7264B8983 /* Frameworks */,
			);
			sourceTree = "<group>";
		};
		248D627F228490C000C6E85D /* Products */ = {
			isa = PBXGroup;
			children = (
				248D627E228490C000C6E85D /* ProvaPlayer.app */,
			);
			name = Products;
			sourceTree = "<group>";
		};
		248D6280228490C000C6E85D /* ProvaPlayer */ = {
			isa = PBXGroup;
			children = (
				248D6281228490C000C6E85D /* AppDelegate.swift */,
				248D6283228490C000C6E85D /* ViewController.swift */,
				248D6285228490C000C6E85D /* Main.storyboard */,
				248D6288228490D500C6E85D /* Assets.xcassets */,
				248D628A228490D500C6E85D /* LaunchScreen.storyboard */,
				248D62932284913800C6E85D /* Podfile */,
				248D628D228490D500C6E85D /* Info.plist */,
			);
			path = ProvaPlayer;
			sourceTree = "<group>";
		};
		BD438733BBB14C7D4C5B6306 /* Pods */ = {
			isa = PBXGroup;
			children = (
				091F9F7B49E494D3E6932F7E /* Pods-ProvaPlayer.debug.xcconfig */,
				9C292AAB71B966EB4841C3D7 /* Pods-ProvaPlayer.release.xcconfig */,
			);
			path = Pods;
			sourceTree = "<group>";
		};
/* End PBXGroup section */

/* Begin PBXNativeTarget section */
		248D627D228490C000C6E85D /* ProvaPlayer */ = {
			isa = PBXNativeTarget;
			buildConfigurationList = 248D6290228490D500C6E85D /* Build configuration list for PBXNativeTarget "ProvaPlayer" */;
			buildPhases = (
				7EDB91F157AA7B8EF72B7E35 /* [CP] Check Pods Manifest.lock */,
				248D627A228490C000C6E85D /* Sources */,
				248D627B228490C000C6E85D /* Frameworks */,
				248D627C228490C000C6E85D /* Resources */,
				822DBD922B287977B22D26A3 /* [CP] Embed Pods Frameworks */,
			);
			buildRules = (
			);
			dependencies = (
			);
			name = ProvaPlayer;
			productName = ProvaPlayer;
			productReference = 248D627E228490C000C6E85D /* ProvaPlayer.app */;
			productType = "com.apple.product-type.application";
		};
/* End PBXNativeTarget section */

/* Begin PBXProject section */
		248D6276228490C000C6E85D /* Project object */ = {
			isa = PBXProject;
			attributes = {
				LastSwiftUpdateCheck = 1020;
				LastUpgradeCheck = 1020;
				ORGANIZATIONNAME = CJSM;
				TargetAttributes = {
					248D627D228490C000C6E85D = {
						CreatedOnToolsVersion = 10.2.1;
					};
				};
			};
			buildConfigurationList = 248D6279228490C000C6E85D /* Build configuration list for PBXProject "ProvaPlayer" */;
			compatibilityVersion = "Xcode 9.3";
			developmentRegion = en;
			hasScannedForEncodings = 0;
			knownRegions = (
				en,
				Base,
			);
			mainGroup = 248D6275228490C000C6E85D;
			productRefGroup = 248D627F228490C000C6E85D /* Products */;
			projectDirPath = "";
			projectRoot = "";
			targets = (
				248D627D228490C000C6E85D /* ProvaPlayer */,
			);
		};
/* End PBXProject section */

/* Begin PBXResourcesBuildPhase section */
		248D627C228490C000C6E85D /* Resources */ = {
			isa = PBXResourcesBuildPhase;
			buildActionMask = 2147483647;
			files = (
				248D628C228490D500C6E85D /* LaunchScreen.storyboard in Resources */,
				248D6289228490D500C6E85D /* Assets.xcassets in Resources */,
				248D62942284913800C6E85D /* Podfile in Resources */,
				248D6287228490C000C6E85D /* Main.storyboard in Resources */,
			);
			runOnlyForDeploymentPostprocessing = 0;
		};
/* End PBXResourcesBuildPhase section */

/* Begin PBXShellScriptBuildPhase section */
		7EDB91F157AA7B8EF72B7E35 /* [CP] Check Pods Manifest.lock */ = {
			isa = PBXShellScriptBuildPhase;
			buildActionMask = 2147483647;
			files = (
			);
			inputFileListPaths = (
			);
			inputPaths = (
				"${PODS_PODFILE_DIR_PATH}/Podfile.lock",
				"${PODS_ROOT}/Manifest.lock",
			);
			name = "[CP] Check Pods Manifest.lock";
			outputFileListPaths = (
			);
			outputPaths = (
				"$(DERIVED_FILE_DIR)/Pods-ProvaPlayer-checkManifestLockResult.txt",
			);
			runOnlyForDeploymentPostprocessing = 0;
			shellPath = /bin/sh;
			shellScript = "diff \"${PODS_PODFILE_DIR_PATH}/Podfile.lock\" \"${PODS_ROOT}/Manifest.lock\" > /dev/null\nif [ $? != 0 ] ; then\n    # print error to STDERR\n    echo \"error: The sandbox is not in sync with the Podfile.lock. Run 'pod install' or update your CocoaPods installation.\" >&2\n    exit 1\nfi\n# This output is used by Xcode 'outputs' to avoid re-running this script phase.\necho \"SUCCESS\" > \"${SCRIPT_OUTPUT_FILE_0}\"\n";
			showEnvVarsInLog = 0;
		};
		822DBD922B287977B22D26A3 /* [CP] Embed Pods Frameworks */ = {
			isa = PBXShellScriptBuildPhase;
			buildActionMask = 2147483647;
			files = (
			);
			inputFileListPaths = (
			);
			inputPaths = (
				"${PODS_ROOT}/Target Support Files/Pods-ProvaPlayer/Pods-ProvaPlayer-frameworks.sh",
				"${PODS_ROOT}/BitmovinPlayer/iOS/BitmovinPlayer.framework",
			);
			name = "[CP] Embed Pods Frameworks";
			outputFileListPaths = (
			);
			outputPaths = (
				"${TARGET_BUILD_DIR}/${FRAMEWORKS_FOLDER_PATH}/BitmovinPlayer.framework",
			);
			runOnlyForDeploymentPostprocessing = 0;
			shellPath = /bin/sh;
			shellScript = "\"${PODS_ROOT}/Target Support Files/Pods-ProvaPlayer/Pods-ProvaPlayer-frameworks.sh\"\n";
			showEnvVarsInLog = 0;
		};
/* End PBXShellScriptBuildPhase section */

/* Begin PBXSourcesBuildPhase section */
		248D627A228490C000C6E85D /* Sources */ = {
			isa = PBXSourcesBuildPhase;
			buildActionMask = 2147483647;
			files = (
				248D6284228490C000C6E85D /* ViewController.swift in Sources */,
				248D6282228490C000C6E85D /* AppDelegate.swift in Sources */,
			);
			runOnlyForDeploymentPostprocessing = 0;
		};
/* End PBXSourcesBuildPhase section */

/* Begin PBXVariantGroup section */
		248D6285228490C000C6E85D /* Main.storyboard */ = {
			isa = PBXVariantGroup;
			children = (
				248D6286228490C000C6E85D /* Base */,
			);
			name = Main.storyboard;
			sourceTree = "<group>";
		};
		248D628A228490D500C6E85D /* LaunchScreen.storyboard */ = {
			isa = PBXVariantGroup;
			children = (
				248D628B228490D500C6E85D /* Base */,
			);
			name = LaunchScreen.storyboard;
			sourceTree = "<group>";
		};
/* End PBXVariantGroup section */

/* Begin XCBuildConfiguration section */
		248D628E228490D500C6E85D /* Debug */ = {
			isa = XCBuildConfiguration;
			buildSettings = {
				ALWAYS_SEARCH_USER_PATHS = NO;
				CLANG_ANALYZER_NONNULL = YES;
				CLANG_ANALYZER_NUMBER_OBJECT_CONVERSION = YES_AGGRESSIVE;
				CLANG_CXX_LANGUAGE_STANDARD = "gnu++14";
				CLANG_CXX_LIBRARY = "libc++";
				CLANG_ENABLE_MODULES = YES;
				CLANG_ENABLE_OBJC_ARC = YES;
				CLANG_ENABLE_OBJC_WEAK = YES;
				CLANG_WARN_BLOCK_CAPTURE_AUTORELEASING = YES;
				CLANG_WARN_BOOL_CONVERSION = YES;
				CLANG_WARN_COMMA = YES;
				CLANG_WARN_CONSTANT_CONVERSION = YES;
				CLANG_WARN_DEPRECATED_OBJC_IMPLEMENTATIONS = YES;
				CLANG_WARN_DIRECT_OBJC_ISA_USAGE = YES_ERROR;
				CLANG_WARN_DOCUMENTATION_COMMENTS = YES;
				CLANG_WARN_EMPTY_BODY = YES;
				CLANG_WARN_ENUM_CONVERSION = YES;
				CLANG_WARN_INFINITE_RECURSION = YES;
				CLANG_WARN_INT_CONVERSION = YES;
				CLANG_WARN_NON_LITERAL_NULL_CONVERSION = YES;
				CLANG_WARN_OBJC_IMPLICIT_RETAIN_SELF = YES;
				CLANG_WARN_OBJC_LITERAL_CONVERSION = YES;
				CLANG_WARN_OBJC_ROOT_CLASS = YES_ERROR;
				CLANG_WARN_RANGE_LOOP_ANALYSIS = YES;
				CLANG_WARN_STRICT_PROTOTYPES = YES;
				CLANG_WARN_SUSPICIOUS_MOVE = YES;
				CLANG_WARN_UNGUARDED_AVAILABILITY = YES_AGGRESSIVE;
				CLANG_WARN_UNREACHABLE_CODE = YES;
				CLANG_WARN__DUPLICATE_METHOD_MATCH = YES;
				CODE_SIGN_IDENTITY = "iPhone Developer";
				COPY_PHASE_STRIP = NO;
				DEBUG_INFORMATION_FORMAT = dwarf;
				ENABLE_STRICT_OBJC_MSGSEND = YES;
				ENABLE_TESTABILITY = YES;
				GCC_C_LANGUAGE_STANDARD = gnu11;
				GCC_DYNAMIC_NO_PIC = NO;
				GCC_NO_COMMON_BLOCKS = YES;
				GCC_OPTIMIZATION_LEVEL = 0;
				GCC_PREPROCESSOR_DEFINITIONS = (
					"DEBUG=1",
					"$(inherited)",
				);
				GCC_WARN_64_TO_32_BIT_CONVERSION = YES;
				GCC_WARN_ABOUT_RETURN_TYPE = YES_ERROR;
				GCC_WARN_UNDECLARED_SELECTOR = YES;
				GCC_WARN_UNINITIALIZED_AUTOS = YES_AGGRESSIVE;
				GCC_WARN_UNUSED_FUNCTION = YES;
				GCC_WARN_UNUSED_VARIABLE = YES;
				IPHONEOS_DEPLOYMENT_TARGET = 12.2;
				MTL_ENABLE_DEBUG_INFO = INCLUDE_SOURCE;
				MTL_FAST_MATH = YES;
				ONLY_ACTIVE_ARCH = YES;
				SDKROOT = iphoneos;
				SWIFT_ACTIVE_COMPILATION_CONDITIONS = DEBUG;
				SWIFT_OPTIMIZATION_LEVEL = "-Onone";
			};
			name = Debug;
		};
		248D628F228490D500C6E85D /* Release */ = {
			isa = XCBuildConfiguration;
			buildSettings = {
				ALWAYS_SEARCH_USER_PATHS = NO;
				CLANG_ANALYZER_NONNULL = YES;
				CLANG_ANALYZER_NUMBER_OBJECT_CONVERSION = YES_AGGRESSIVE;
				CLANG_CXX_LANGUAGE_STANDARD = "gnu++14";
				CLANG_CXX_LIBRARY = "libc++";
				CLANG_ENABLE_MODULES = YES;
				CLANG_ENABLE_OBJC_ARC = YES;
				CLANG_ENABLE_OBJC_WEAK = YES;
				CLANG_WARN_BLOCK_CAPTURE_AUTORELEASING = YES;
				CLANG_WARN_BOOL_CONVERSION = YES;
				CLANG_WARN_COMMA = YES;
				CLANG_WARN_CONSTANT_CONVERSION = YES;
				CLANG_WARN_DEPRECATED_OBJC_IMPLEMENTATIONS = YES;
				CLANG_WARN_DIRECT_OBJC_ISA_USAGE = YES_ERROR;
				CLANG_WARN_DOCUMENTATION_COMMENTS = YES;
				CLANG_WARN_EMPTY_BODY = YES;
				CLANG_WARN_ENUM_CONVERSION = YES;
				CLANG_WARN_INFINITE_RECURSION = YES;
				CLANG_WARN_INT_CONVERSION = YES;
				CLANG_WARN_NON_LITERAL_NULL_CONVERSION = YES;
				CLANG_WARN_OBJC_IMPLICIT_RETAIN_SELF = YES;
				CLANG_WARN_OBJC_LITERAL_CONVERSION = YES;
				CLANG_WARN_OBJC_ROOT_CLASS = YES_ERROR;
				CLANG_WARN_RANGE_LOOP_ANALYSIS = YES;
				CLANG_WARN_STRICT_PROTOTYPES = YES;
				CLANG_WARN_SUSPICIOUS_MOVE = YES;
				CLANG_WARN_UNGUARDED_AVAILABILITY = YES_AGGRESSIVE;
				CLANG_WARN_UNREACHABLE_CODE = YES;
				CLANG_WARN__DUPLICATE_METHOD_MATCH = YES;
				CODE_SIGN_IDENTITY = "iPhone Developer";
				COPY_PHASE_STRIP = NO;
				DEBUG_INFORMATION_FORMAT = "dwarf-with-dsym";
				ENABLE_NS_ASSERTIONS = NO;
				ENABLE_STRICT_OBJC_MSGSEND = YES;
				GCC_C_LANGUAGE_STANDARD = gnu11;
				GCC_NO_COMMON_BLOCKS = YES;
				GCC_WARN_64_TO_32_BIT_CONVERSION = YES;
				GCC_WARN_ABOUT_RETURN_TYPE = YES_ERROR;
				GCC_WARN_UNDECLARED_SELECTOR = YES;
				GCC_WARN_UNINITIALIZED_AUTOS = YES_AGGRESSIVE;
				GCC_WARN_UNUSED_FUNCTION = YES;
				GCC_WARN_UNUSED_VARIABLE = YES;
				IPHONEOS_DEPLOYMENT_TARGET = 12.2;
				MTL_ENABLE_DEBUG_INFO = NO;
				MTL_FAST_MATH = YES;
				SDKROOT = iphoneos;
				SWIFT_COMPILATION_MODE = wholemodule;
				SWIFT_OPTIMIZATION_LEVEL = "-O";
				VALIDATE_PRODUCT = YES;
			};
			name = Release;
		};
		248D6291228490D500C6E85D /* Debug */ = {
			isa = XCBuildConfiguration;
			baseConfigurationReference = 091F9F7B49E494D3E6932F7E /* Pods-ProvaPlayer.debug.xcconfig */;
			buildSettings = {
				ASSETCATALOG_COMPILER_APPICON_NAME = AppIcon;
				CODE_SIGN_STYLE = Automatic;
				DEVELOPMENT_TEAM = M5Y3DX3289;
				INFOPLIST_FILE = ProvaPlayer/Info.plist;
				LD_RUNPATH_SEARCH_PATHS = (
					"$(inherited)",
					"@executable_path/Frameworks",
				);
				PRODUCT_BUNDLE_IDENTIFIER = br.com.cjsm.ProvaPlayer;
				PRODUCT_NAME = "$(TARGET_NAME)";
				SWIFT_VERSION = 5.0;
				TARGETED_DEVICE_FAMILY = "1,2";
			};
			name = Debug;
		};
		248D6292228490D500C6E85D /* Release */ = {
			isa = XCBuildConfiguration;
			baseConfigurationReference = 9C292AAB71B966EB4841C3D7 /* Pods-ProvaPlayer.release.xcconfig */;
			buildSettings = {
				ASSETCATALOG_COMPILER_APPICON_NAME = AppIcon;
				CODE_SIGN_STYLE = Automatic;
				DEVELOPMENT_TEAM = M5Y3DX3289;
				INFOPLIST_FILE = ProvaPlayer/Info.plist;
				LD_RUNPATH_SEARCH_PATHS = (
					"$(inherited)",
					"@executable_path/Frameworks",
				);
				PRODUCT_BUNDLE_IDENTIFIER = br.com.cjsm.ProvaPlayer;
				PRODUCT_NAME = "$(TARGET_NAME)";
				SWIFT_VERSION = 5.0;
				TARGETED_DEVICE_FAMILY = "1,2";
			};
			name = Release;
		};
/* End XCBuildConfiguration section */

/* Begin XCConfigurationList section */
		248D6279228490C000C6E85D /* Build configuration list for PBXProject "ProvaPlayer" */ = {
			isa = XCConfigurationList;
			buildConfigurations = (
				248D628E228490D500C6E85D /* Debug */,
				248D628F228490D500C6E85D /* Release */,
			);
			defaultConfigurationIsVisible = 0;
			defaultConfigurationName = Release;
		};
		248D6290228490D500C6E85D /* Build configuration list for PBXNativeTarget "ProvaPlayer" */ = {
			isa = XCConfigurationList;
			buildConfigurations = (
				248D6291228490D500C6E85D /* Debug */,
				248D6292228490D500C6E85D /* Release */,
			);
			defaultConfigurationIsVisible = 0;
			defaultConfigurationName = Release;
		};
/* End XCConfigurationList section */
	};
	rootObject = 248D6276228490C000C6E85D /* Project object */;
}
